{
    "_meta": {
        "hash": {
            "sha256": "b6564f741dfcd0bdf4a254a6078f2dc5fee9b74390452ac45e77260d71426dc4"
        },
        "host-environment-markers": {
            "implementation_name": "cpython",
            "implementation_version": "3.6.3",
            "os_name": "posix",
            "platform_machine": "x86_64",
            "platform_python_implementation": "CPython",
            "platform_release": "16.7.0",
            "platform_system": "Darwin",
            "platform_version": "Darwin Kernel Version 16.7.0: Mon Nov 13 21:56:25 PST 2017; root:xnu-3789.72.11~1/RELEASE_X86_64",
            "python_full_version": "3.6.3",
            "python_version": "3.6",
            "sys_platform": "darwin"
        },
        "pipfile-spec": 6,
        "requires": {
            "python_version": "3.6"
        },
        "sources": [
            {
                "name": "pypi",
                "url": "https://pypi.python.org/simple",
                "verify_ssl": true
            }
        ]
    },
    "default": {},
    "develop": {
        "certifi": {
            "hashes": [],
            "version": "==2017.11.5"
        },
        "chardet": {
            "hashes": [],
            "version": "==3.0.4"
        },
        "httpretty": {
            "hashes": [],
            "version": "==0.8.14"
        },
        "idna": {
            "hashes": [],
            "version": "==2.6"
        },
        "nose": {
            "hashes": [],
            "version": "==1.3.7"
        },
        "requests": {
            "hashes": [],
            "version": "==2.18.4"
        },
        "urllib3": {
            "hashes": [],
            "version": "==1.22"
        }
    }
}
